
Microsoft Visual Studio Solution File, Format Version 12.00
# Visual Studio Version 16
VisualStudioVersion = 16.0.30320.27
MinimumVisualStudioVersion = 10.0.40219.1
Project("{9A19103F-16F7-4668-BE54-9A1E7A4F7556}") = "BRE_PaymentProcessor", "BRE_PaymentProcessor\BRE_PaymentProcessor.csproj", "{7B43EB1D-7969-43A9-9BA8-4F3F97348173}"
EndProject
Project("{FAE04EC0-301F-11D3-BF4B-00C04F79EFBC}") = "BRE_Tests", "BRE_Test\BRE_Tests.csproj", "{EE43C180-3E2B-4FC4-B2E2-777599D57C89}"
EndProject
Global
	GlobalSection(SolutionConfigurationPlatforms) = preSolution
		Debug|Any CPU = Debug|Any CPU
		Release|Any CPU = Release|Any CPU
	EndGlobalSection
	GlobalSection(ProjectConfigurationPlatforms) = postSolution
		{7B43EB1D-7969-43A9-9BA8-4F3F97348173}.Debug|Any CPU.ActiveCfg = Debug|Any CPU
		{7B43EB1D-7969-43A9-9BA8-4F3F97348173}.Debug|Any CPU.Build.0 = Debug|Any CPU
		{7B43EB1D-7969-43A9-9BA8-4F3F97348173}.Release|Any CPU.ActiveCfg = Release|Any CPU
		{7B43EB1D-7969-43A9-9BA8-4F3F97348173}.Release|Any CPU.Build.0 = Release|Any CPU
		{EE43C180-3E2B-4FC4-B2E2-777599D57C89}.Debug|Any CPU.ActiveCfg = Debug|Any CPU
		{EE43C180-3E2B-4FC4-B2E2-777599D57C89}.Debug|Any CPU.Build.0 = Debug|Any CPU
		{EE43C180-3E2B-4FC4-B2E2-777599D57C89}.Release|Any CPU.ActiveCfg = Release|Any CPU
		{EE43C180-3E2B-4FC4-B2E2-777599D57C89}.Release|Any CPU.Build.0 = Release|Any CPU
	EndGlobalSection
	GlobalSection(SolutionProperties) = preSolution
		HideSolutionNode = FALSE
	EndGlobalSection
	GlobalSection(ExtensibilityGlobals) = postSolution
		SolutionGuid = {78EBC5A6-681B-4791-A525-47A289DF56A7}
	EndGlobalSection
EndGlobal
